// !$*UTF8*$!
{
	archiveVersion = 1;
	classes = {
	};
	objectVersion = 55;
	objects = {

/* Begin PBXBuildFile section */
		184A00E07F958FEC37D4BE70 /* Pods_SwiftUIFirebaseChat__macOS_.framework in Frameworks */ = {isa = PBXBuildFile; fileRef = 89836A84D20043B8E4015CA0 /* Pods_SwiftUIFirebaseChat__macOS_.framework */; };
		A86BE33DC63B5F50A2B231AF /* Pods_SwiftUIFirebaseChat__iOS_.framework in Frameworks */ = {isa = PBXBuildFile; fileRef = 094B501730720758C911867E /* Pods_SwiftUIFirebaseChat__iOS_.framework */; };
		D53B3923274038CF0065B032 /* SwiftUIFirebaseChatApp.swift in Sources */ = {isa = PBXBuildFile; fileRef = D53B3913274038CD0065B032 /* SwiftUIFirebaseChatApp.swift */; };
		D53B3924274038CF0065B032 /* SwiftUIFirebaseChatApp.swift in Sources */ = {isa = PBXBuildFile; fileRef = D53B3913274038CD0065B032 /* SwiftUIFirebaseChatApp.swift */; };
		D53B3925274038CF0065B032 /* LoginView.swift in Sources */ = {isa = PBXBuildFile; fileRef = D53B3914274038CD0065B032 /* LoginView.swift */; };
		D53B3926274038CF0065B032 /* LoginView.swift in Sources */ = {isa = PBXBuildFile; fileRef = D53B3914274038CD0065B032 /* LoginView.swift */; };
		D53B3927274038CF0065B032 /* Assets.xcassets in Resources */ = {isa = PBXBuildFile; fileRef = D53B3915274038CF0065B032 /* Assets.xcassets */; };
		D53B3928274038CF0065B032 /* Assets.xcassets in Resources */ = {isa = PBXBuildFile; fileRef = D53B3915274038CF0065B032 /* Assets.xcassets */; };
		D53B393727406F000065B032 /* GoogleService-Info.plist in Resources */ = {isa = PBXBuildFile; fileRef = D53B393627406EFF0065B032 /* GoogleService-Info.plist */; };
		D53B393827406F000065B032 /* GoogleService-Info.plist in Resources */ = {isa = PBXBuildFile; fileRef = D53B393627406EFF0065B032 /* GoogleService-Info.plist */; };
		D53B393A274070FD0065B032 /* HomeView.swift in Sources */ = {isa = PBXBuildFile; fileRef = D53B3939274070FD0065B032 /* HomeView.swift */; };
		D53B393B274070FD0065B032 /* HomeView.swift in Sources */ = {isa = PBXBuildFile; fileRef = D53B3939274070FD0065B032 /* HomeView.swift */; };
		D53B393E274072EF0065B032 /* FirebaseManager.swift in Sources */ = {isa = PBXBuildFile; fileRef = D53B393D274072EF0065B032 /* FirebaseManager.swift */; };
		D53B393F274072EF0065B032 /* FirebaseManager.swift in Sources */ = {isa = PBXBuildFile; fileRef = D53B393D274072EF0065B032 /* FirebaseManager.swift */; };
		D53B394127408ACC0065B032 /* ImagePicker.swift in Sources */ = {isa = PBXBuildFile; fileRef = D53B394027408ACC0065B032 /* ImagePicker.swift */; };
		D53B394227408ACC0065B032 /* ImagePicker.swift in Sources */ = {isa = PBXBuildFile; fileRef = D53B394027408ACC0065B032 /* ImagePicker.swift */; };
		D53B39682748434F0065B032 /* MainMessagesView.swift in Sources */ = {isa = PBXBuildFile; fileRef = D53B39672748434F0065B032 /* MainMessagesView.swift */; };
		D53B39692748434F0065B032 /* MainMessagesView.swift in Sources */ = {isa = PBXBuildFile; fileRef = D53B39672748434F0065B032 /* MainMessagesView.swift */; };
		D58B258C27487B5E00BB0AD9 /* ChatUser.swift in Sources */ = {isa = PBXBuildFile; fileRef = D58B258B27487B5E00BB0AD9 /* ChatUser.swift */; };
		D58B258D27487B5E00BB0AD9 /* ChatUser.swift in Sources */ = {isa = PBXBuildFile; fileRef = D58B258B27487B5E00BB0AD9 /* ChatUser.swift */; };
		D58B259027487E8E00BB0AD9 /* SDWebImageSwiftUI in Frameworks */ = {isa = PBXBuildFile; productRef = D58B258F27487E8E00BB0AD9 /* SDWebImageSwiftUI */; };
		D58B25982748853900BB0AD9 /* FirebaseAuth in Frameworks */ = {isa = PBXBuildFile; productRef = D58B25972748853900BB0AD9 /* FirebaseAuth */; };
		D58B259A2748853900BB0AD9 /* FirebaseFirestore in Frameworks */ = {isa = PBXBuildFile; productRef = D58B25992748853900BB0AD9 /* FirebaseFirestore */; };
		D58B259C2748853900BB0AD9 /* FirebaseStorage in Frameworks */ = {isa = PBXBuildFile; productRef = D58B259B2748853900BB0AD9 /* FirebaseStorage */; };
		D58B25A52748889400BB0AD9 /* MainMessagesViewModel.swift in Sources */ = {isa = PBXBuildFile; fileRef = D58B25A42748889400BB0AD9 /* MainMessagesViewModel.swift */; };
		D58B25A62748889400BB0AD9 /* MainMessagesViewModel.swift in Sources */ = {isa = PBXBuildFile; fileRef = D58B25A42748889400BB0AD9 /* MainMessagesViewModel.swift */; };
		D58B25A8274888DF00BB0AD9 /* CustomNavBarViewModel.swift in Sources */ = {isa = PBXBuildFile; fileRef = D58B25A7274888DF00BB0AD9 /* CustomNavBarViewModel.swift */; };
		D58B25A9274888DF00BB0AD9 /* CustomNavBarViewModel.swift in Sources */ = {isa = PBXBuildFile; fileRef = D58B25A7274888DF00BB0AD9 /* CustomNavBarViewModel.swift */; };
/* End PBXBuildFile section */

/* Begin PBXFileReference section */
		094B501730720758C911867E /* Pods_SwiftUIFirebaseChat__iOS_.framework */ = {isa = PBXFileReference; explicitFileType = wrapper.framework; includeInIndex = 0; path = Pods_SwiftUIFirebaseChat__iOS_.framework; sourceTree = BUILT_PRODUCTS_DIR; };
		2688A6300CDB622D9349F114 /* Pods-SwiftUIFirebaseChat (macOS).release.xcconfig */ = {isa = PBXFileReference; includeInIndex = 1; lastKnownFileType = text.xcconfig; name = "Pods-SwiftUIFirebaseChat (macOS).release.xcconfig"; path = "Target Support Files/Pods-SwiftUIFirebaseChat (macOS)/Pods-SwiftUIFirebaseChat (macOS).release.xcconfig"; sourceTree = "<group>"; };
		549CE3AA9EEC1E430F4ED98C /* Pods-SwiftUIFirebaseChat (macOS).debug.xcconfig */ = {isa = PBXFileReference; includeInIndex = 1; lastKnownFileType = text.xcconfig; name = "Pods-SwiftUIFirebaseChat (macOS).debug.xcconfig"; path = "Target Support Files/Pods-SwiftUIFirebaseChat (macOS)/Pods-SwiftUIFirebaseChat (macOS).debug.xcconfig"; sourceTree = "<group>"; };
		89836A84D20043B8E4015CA0 /* Pods_SwiftUIFirebaseChat__macOS_.framework */ = {isa = PBXFileReference; explicitFileType = wrapper.framework; includeInIndex = 0; path = Pods_SwiftUIFirebaseChat__macOS_.framework; sourceTree = BUILT_PRODUCTS_DIR; };
		C0E5D809511D78CB721C56BC /* Pods-SwiftUIFirebaseChat (iOS).release.xcconfig */ = {isa = PBXFileReference; includeInIndex = 1; lastKnownFileType = text.xcconfig; name = "Pods-SwiftUIFirebaseChat (iOS).release.xcconfig"; path = "Target Support Files/Pods-SwiftUIFirebaseChat (iOS)/Pods-SwiftUIFirebaseChat (iOS).release.xcconfig"; sourceTree = "<group>"; };
		D53B3913274038CD0065B032 /* SwiftUIFirebaseChatApp.swift */ = {isa = PBXFileReference; lastKnownFileType = sourcecode.swift; path = SwiftUIFirebaseChatApp.swift; sourceTree = "<group>"; };
		D53B3914274038CD0065B032 /* LoginView.swift */ = {isa = PBXFileReference; lastKnownFileType = sourcecode.swift; path = LoginView.swift; sourceTree = "<group>"; };
		D53B3915274038CF0065B032 /* Assets.xcassets */ = {isa = PBXFileReference; lastKnownFileType = folder.assetcatalog; path = Assets.xcassets; sourceTree = "<group>"; };
		D53B391A274038CF0065B032 /* SwiftUIFirebaseChat.app */ = {isa = PBXFileReference; explicitFileType = wrapper.application; includeInIndex = 0; path = SwiftUIFirebaseChat.app; sourceTree = BUILT_PRODUCTS_DIR; };
		D53B3920274038CF0065B032 /* SwiftUIFirebaseChat.app */ = {isa = PBXFileReference; explicitFileType = wrapper.application; includeInIndex = 0; path = SwiftUIFirebaseChat.app; sourceTree = BUILT_PRODUCTS_DIR; };
		D53B3922274038CF0065B032 /* macOS.entitlements */ = {isa = PBXFileReference; lastKnownFileType = text.plist.entitlements; path = macOS.entitlements; sourceTree = "<group>"; };
		D53B393627406EFF0065B032 /* GoogleService-Info.plist */ = {isa = PBXFileReference; fileEncoding = 4; lastKnownFileType = text.plist.xml; path = "GoogleService-Info.plist"; sourceTree = "<group>"; };
		D53B3939274070FD0065B032 /* HomeView.swift */ = {isa = PBXFileReference; lastKnownFileType = sourcecode.swift; path = HomeView.swift; sourceTree = "<group>"; };
		D53B393D274072EF0065B032 /* FirebaseManager.swift */ = {isa = PBXFileReference; lastKnownFileType = sourcecode.swift; path = FirebaseManager.swift; sourceTree = "<group>"; };
		D53B394027408ACC0065B032 /* ImagePicker.swift */ = {isa = PBXFileReference; lastKnownFileType = sourcecode.swift; path = ImagePicker.swift; sourceTree = "<group>"; };
		D53B39672748434F0065B032 /* MainMessagesView.swift */ = {isa = PBXFileReference; lastKnownFileType = sourcecode.swift; path = MainMessagesView.swift; sourceTree = "<group>"; };
		D58B258B27487B5E00BB0AD9 /* ChatUser.swift */ = {isa = PBXFileReference; lastKnownFileType = sourcecode.swift; path = ChatUser.swift; sourceTree = "<group>"; };
		D58B25A42748889400BB0AD9 /* MainMessagesViewModel.swift */ = {isa = PBXFileReference; lastKnownFileType = sourcecode.swift; path = MainMessagesViewModel.swift; sourceTree = "<group>"; };
		D58B25A7274888DF00BB0AD9 /* CustomNavBarViewModel.swift */ = {isa = PBXFileReference; lastKnownFileType = sourcecode.swift; path = CustomNavBarViewModel.swift; sourceTree = "<group>"; };
		DE383AD3AD6B7B5D6BF4EF45 /* Pods-SwiftUIFirebaseChat (iOS).debug.xcconfig */ = {isa = PBXFileReference; includeInIndex = 1; lastKnownFileType = text.xcconfig; name = "Pods-SwiftUIFirebaseChat (iOS).debug.xcconfig"; path = "Target Support Files/Pods-SwiftUIFirebaseChat (iOS)/Pods-SwiftUIFirebaseChat (iOS).debug.xcconfig"; sourceTree = "<group>"; };
/* End PBXFileReference section */

/* Begin PBXFrameworksBuildPhase section */
		D53B3917274038CF0065B032 /* Frameworks */ = {
			isa = PBXFrameworksBuildPhase;
			buildActionMask = 2147483647;
			files = (
				D58B259027487E8E00BB0AD9 /* SDWebImageSwiftUI in Frameworks */,
				D58B259A2748853900BB0AD9 /* FirebaseFirestore in Frameworks */,
				D58B25982748853900BB0AD9 /* FirebaseAuth in Frameworks */,
				D58B259C2748853900BB0AD9 /* FirebaseStorage in Frameworks */,
				A86BE33DC63B5F50A2B231AF /* Pods_SwiftUIFirebaseChat__iOS_.framework in Frameworks */,
			);
			runOnlyForDeploymentPostprocessing = 0;
		};
		D53B391D274038CF0065B032 /* Frameworks */ = {
			isa = PBXFrameworksBuildPhase;
			buildActionMask = 2147483647;
			files = (
				184A00E07F958FEC37D4BE70 /* Pods_SwiftUIFirebaseChat__macOS_.framework in Frameworks */,
			);
			runOnlyForDeploymentPostprocessing = 0;
		};
/* End PBXFrameworksBuildPhase section */

/* Begin PBXGroup section */
		D53B390D274038CD0065B032 = {
			isa = PBXGroup;
			children = (
				D53B3912274038CD0065B032 /* Shared */,
				D53B3921274038CF0065B032 /* macOS */,
				D53B391B274038CF0065B032 /* Products */,
				D5FEB6AE27487326001D670E /* Frameworks */,
				FAE58501B5C43B61BF0FF160 /* Pods */,
			);
			sourceTree = "<group>";
		};
		D53B3912274038CD0065B032 /* Shared */ = {
			isa = PBXGroup;
			children = (
				D58B259F2748883E00BB0AD9 /* Helpers */,
				D53B393C274072E00065B032 /* Network */,
				D58B259D2748881F00BB0AD9 /* Modules */,
				D53B3913274038CD0065B032 /* SwiftUIFirebaseChatApp.swift */,
				D53B3939274070FD0065B032 /* HomeView.swift */,
				D53B3915274038CF0065B032 /* Assets.xcassets */,
				D53B393627406EFF0065B032 /* GoogleService-Info.plist */,
			);
			path = Shared;
			sourceTree = "<group>";
		};
		D53B391B274038CF0065B032 /* Products */ = {
			isa = PBXGroup;
			children = (
				D53B391A274038CF0065B032 /* SwiftUIFirebaseChat.app */,
				D53B3920274038CF0065B032 /* SwiftUIFirebaseChat.app */,
			);
			name = Products;
			sourceTree = "<group>";
		};
		D53B3921274038CF0065B032 /* macOS */ = {
			isa = PBXGroup;
			children = (
				D53B3922274038CF0065B032 /* macOS.entitlements */,
			);
			path = macOS;
			sourceTree = "<group>";
		};
		D53B393C274072E00065B032 /* Network */ = {
			isa = PBXGroup;
			children = (
				D53B393D274072EF0065B032 /* FirebaseManager.swift */,
			);
			path = Network;
			sourceTree = "<group>";
		};
		D58B259D2748881F00BB0AD9 /* Modules */ = {
			isa = PBXGroup;
			children = (
				D58B25A02748884900BB0AD9 /* MainMessages */,
				D58B259E2748882900BB0AD9 /* Login */,
			);
			path = Modules;
			sourceTree = "<group>";
		};
		D58B259E2748882900BB0AD9 /* Login */ = {
			isa = PBXGroup;
			children = (
				D53B3914274038CD0065B032 /* LoginView.swift */,
			);
			path = Login;
			sourceTree = "<group>";
		};
		D58B259F2748883E00BB0AD9 /* Helpers */ = {
			isa = PBXGroup;
			children = (
				D53B394027408ACC0065B032 /* ImagePicker.swift */,
			);
			path = Helpers;
			sourceTree = "<group>";
		};
		D58B25A02748884900BB0AD9 /* MainMessages */ = {
			isa = PBXGroup;
			children = (
				D58B25A32748887000BB0AD9 /* Views */,
				D58B25A22748886400BB0AD9 /* ViewModel */,
				D58B25A12748885C00BB0AD9 /* Model */,
			);
			path = MainMessages;
			sourceTree = "<group>";
		};
		D58B25A12748885C00BB0AD9 /* Model */ = {
			isa = PBXGroup;
			children = (
				D58B258B27487B5E00BB0AD9 /* ChatUser.swift */,
			);
			path = Model;
			sourceTree = "<group>";
		};
		D58B25A22748886400BB0AD9 /* ViewModel */ = {
			isa = PBXGroup;
			children = (
				D58B25A7274888DF00BB0AD9 /* CustomNavBarViewModel.swift */,
				D58B25A42748889400BB0AD9 /* MainMessagesViewModel.swift */,
			);
			path = ViewModel;
			sourceTree = "<group>";
		};
		D58B25A32748887000BB0AD9 /* Views */ = {
			isa = PBXGroup;
			children = (
				D53B39672748434F0065B032 /* MainMessagesView.swift */,
			);
			path = Views;
			sourceTree = "<group>";
		};
		D5FEB6AE27487326001D670E /* Frameworks */ = {
			isa = PBXGroup;
			children = (
				094B501730720758C911867E /* Pods_SwiftUIFirebaseChat__iOS_.framework */,
				89836A84D20043B8E4015CA0 /* Pods_SwiftUIFirebaseChat__macOS_.framework */,
			);
			name = Frameworks;
			sourceTree = "<group>";
		};
		FAE58501B5C43B61BF0FF160 /* Pods */ = {
			isa = PBXGroup;
			children = (
				DE383AD3AD6B7B5D6BF4EF45 /* Pods-SwiftUIFirebaseChat (iOS).debug.xcconfig */,
				C0E5D809511D78CB721C56BC /* Pods-SwiftUIFirebaseChat (iOS).release.xcconfig */,
				549CE3AA9EEC1E430F4ED98C /* Pods-SwiftUIFirebaseChat (macOS).debug.xcconfig */,
				2688A6300CDB622D9349F114 /* Pods-SwiftUIFirebaseChat (macOS).release.xcconfig */,
			);
			path = Pods;
			sourceTree = "<group>";
		};
/* End PBXGroup section */

/* Begin PBXNativeTarget section */
		D53B3919274038CF0065B032 /* SwiftUIFirebaseChat (iOS) */ = {
			isa = PBXNativeTarget;
			buildConfigurationList = D53B392B274038CF0065B032 /* Build configuration list for PBXNativeTarget "SwiftUIFirebaseChat (iOS)" */;
			buildPhases = (
				4712E9CECEC822F2469FA086 /* [CP] Check Pods Manifest.lock */,
				D53B3916274038CF0065B032 /* Sources */,
				D53B3917274038CF0065B032 /* Frameworks */,
				D53B3918274038CF0065B032 /* Resources */,
			);
			buildRules = (
			);
			dependencies = (
			);
			name = "SwiftUIFirebaseChat (iOS)";
			packageProductDependencies = (
				D58B258F27487E8E00BB0AD9 /* SDWebImageSwiftUI */,
				D58B25972748853900BB0AD9 /* FirebaseAuth */,
				D58B25992748853900BB0AD9 /* FirebaseFirestore */,
				D58B259B2748853900BB0AD9 /* FirebaseStorage */,
			);
			productName = "SwiftUIFirebaseChat (iOS)";
			productReference = D53B391A274038CF0065B032 /* SwiftUIFirebaseChat.app */;
			productType = "com.apple.product-type.application";
		};
		D53B391F274038CF0065B032 /* SwiftUIFirebaseChat (macOS) */ = {
			isa = PBXNativeTarget;
			buildConfigurationList = D53B392E274038CF0065B032 /* Build configuration list for PBXNativeTarget "SwiftUIFirebaseChat (macOS)" */;
			buildPhases = (
				38B29B58C9AE49EE42165FE0 /* [CP] Check Pods Manifest.lock */,
				D53B391C274038CF0065B032 /* Sources */,
				D53B391D274038CF0065B032 /* Frameworks */,
				D53B391E274038CF0065B032 /* Resources */,
			);
			buildRules = (
			);
			dependencies = (
			);
			name = "SwiftUIFirebaseChat (macOS)";
			productName = "SwiftUIFirebaseChat (macOS)";
			productReference = D53B3920274038CF0065B032 /* SwiftUIFirebaseChat.app */;
			productType = "com.apple.product-type.application";
		};
/* End PBXNativeTarget section */

/* Begin PBXProject section */
		D53B390E274038CD0065B032 /* Project object */ = {
			isa = PBXProject;
			attributes = {
				BuildIndependentTargetsInParallel = 1;
				LastSwiftUpdateCheck = 1310;
				LastUpgradeCheck = 1310;
				TargetAttributes = {
					D53B3919274038CF0065B032 = {
						CreatedOnToolsVersion = 13.1;
					};
					D53B391F274038CF0065B032 = {
						CreatedOnToolsVersion = 13.1;
					};
				};
			};
			buildConfigurationList = D53B3911274038CD0065B032 /* Build configuration list for PBXProject "SwiftUIFirebaseChat" */;
			compatibilityVersion = "Xcode 13.0";
			developmentRegion = en;
			hasScannedForEncodings = 0;
			knownRegions = (
				en,
				Base,
			);
			mainGroup = D53B390D274038CD0065B032;
			packageReferences = (
				D58B258E27487E8E00BB0AD9 /* XCRemoteSwiftPackageReference "SDWebImageSwiftUI" */,
				D58B25962748853900BB0AD9 /* XCRemoteSwiftPackageReference "firebase-ios-sdk" */,
			);
			productRefGroup = D53B391B274038CF0065B032 /* Products */;
			projectDirPath = "";
			projectRoot = "";
			targets = (
				D53B3919274038CF0065B032 /* SwiftUIFirebaseChat (iOS) */,
				D53B391F274038CF0065B032 /* SwiftUIFirebaseChat (macOS) */,
			);
		};
/* End PBXProject section */

/* Begin PBXResourcesBuildPhase section */
		D53B3918274038CF0065B032 /* Resources */ = {
			isa = PBXResourcesBuildPhase;
			buildActionMask = 2147483647;
			files = (
				D53B3927274038CF0065B032 /* Assets.xcassets in Resources */,
				D53B393727406F000065B032 /* GoogleService-Info.plist in Resources */,
			);
			runOnlyForDeploymentPostprocessing = 0;
		};
		D53B391E274038CF0065B032 /* Resources */ = {
			isa = PBXResourcesBuildPhase;
			buildActionMask = 2147483647;
			files = (
				D53B3928274038CF0065B032 /* Assets.xcassets in Resources */,
				D53B393827406F000065B032 /* GoogleService-Info.plist in Resources */,
			);
			runOnlyForDeploymentPostprocessing = 0;
		};
/* End PBXResourcesBuildPhase section */

/* Begin PBXShellScriptBuildPhase section */
		38B29B58C9AE49EE42165FE0 /* [CP] Check Pods Manifest.lock */ = {
			isa = PBXShellScriptBuildPhase;
			buildActionMask = 2147483647;
			files = (
			);
			inputFileListPaths = (
			);
			inputPaths = (
				"${PODS_PODFILE_DIR_PATH}/Podfile.lock",
				"${PODS_ROOT}/Manifest.lock",
			);
			name = "[CP] Check Pods Manifest.lock";
			outputFileListPaths = (
			);
			outputPaths = (
				"$(DERIVED_FILE_DIR)/Pods-SwiftUIFirebaseChat (macOS)-checkManifestLockResult.txt",
			);
			runOnlyForDeploymentPostprocessing = 0;
			shellPath = /bin/sh;
			shellScript = "diff \"${PODS_PODFILE_DIR_PATH}/Podfile.lock\" \"${PODS_ROOT}/Manifest.lock\" > /dev/null\nif [ $? != 0 ] ; then\n    # print error to STDERR\n    echo \"error: The sandbox is not in sync with the Podfile.lock. Run 'pod install' or update your CocoaPods installation.\" >&2\n    exit 1\nfi\n# This output is used by Xcode 'outputs' to avoid re-running this script phase.\necho \"SUCCESS\" > \"${SCRIPT_OUTPUT_FILE_0}\"\n";
			showEnvVarsInLog = 0;
		};
		4712E9CECEC822F2469FA086 /* [CP] Check Pods Manifest.lock */ = {
			isa = PBXShellScriptBuildPhase;
			buildActionMask = 2147483647;
			files = (
			);
			inputFileListPaths = (
			);
			inputPaths = (
				"${PODS_PODFILE_DIR_PATH}/Podfile.lock",
				"${PODS_ROOT}/Manifest.lock",
			);
			name = "[CP] Check Pods Manifest.lock";
			outputFileListPaths = (
			);
			outputPaths = (
				"$(DERIVED_FILE_DIR)/Pods-SwiftUIFirebaseChat (iOS)-checkManifestLockResult.txt",
			);
			runOnlyForDeploymentPostprocessing = 0;
			shellPath = /bin/sh;
			shellScript = "diff \"${PODS_PODFILE_DIR_PATH}/Podfile.lock\" \"${PODS_ROOT}/Manifest.lock\" > /dev/null\nif [ $? != 0 ] ; then\n    # print error to STDERR\n    echo \"error: The sandbox is not in sync with the Podfile.lock. Run 'pod install' or update your CocoaPods installation.\" >&2\n    exit 1\nfi\n# This output is used by Xcode 'outputs' to avoid re-running this script phase.\necho \"SUCCESS\" > \"${SCRIPT_OUTPUT_FILE_0}\"\n";
			showEnvVarsInLog = 0;
		};
/* End PBXShellScriptBuildPhase section */

/* Begin PBXSourcesBuildPhase section */
		D53B3916274038CF0065B032 /* Sources */ = {
			isa = PBXSourcesBuildPhase;
			buildActionMask = 2147483647;
			files = (
				D58B258C27487B5E00BB0AD9 /* ChatUser.swift in Sources */,
				D53B393E274072EF0065B032 /* FirebaseManager.swift in Sources */,
				D53B39682748434F0065B032 /* MainMessagesView.swift in Sources */,
				D58B25A8274888DF00BB0AD9 /* CustomNavBarViewModel.swift in Sources */,
				D53B393A274070FD0065B032 /* HomeView.swift in Sources */,
				D53B394127408ACC0065B032 /* ImagePicker.swift in Sources */,
				D53B3925274038CF0065B032 /* LoginView.swift in Sources */,
				D53B3923274038CF0065B032 /* SwiftUIFirebaseChatApp.swift in Sources */,
				D58B25A52748889400BB0AD9 /* MainMessagesViewModel.swift in Sources */,
			);
			runOnlyForDeploymentPostprocessing = 0;
		};
		D53B391C274038CF0065B032 /* Sources */ = {
			isa = PBXSourcesBuildPhase;
			buildActionMask = 2147483647;
			files = (
				D58B258D27487B5E00BB0AD9 /* ChatUser.swift in Sources */,
				D53B393F274072EF0065B032 /* FirebaseManager.swift in Sources */,
				D53B39692748434F0065B032 /* MainMessagesView.swift in Sources */,
				D58B25A9274888DF00BB0AD9 /* CustomNavBarViewModel.swift in Sources */,
				D53B393B274070FD0065B032 /* HomeView.swift in Sources */,
				D53B394227408ACC0065B032 /* ImagePicker.swift in Sources */,
				D53B3926274038CF0065B032 /* LoginView.swift in Sources */,
				D53B3924274038CF0065B032 /* SwiftUIFirebaseChatApp.swift in Sources */,
				D58B25A62748889400BB0AD9 /* MainMessagesViewModel.swift in Sources */,
			);
			runOnlyForDeploymentPostprocessing = 0;
		};
/* End PBXSourcesBuildPhase section */

/* Begin XCBuildConfiguration section */
		D53B3929274038CF0065B032 /* Debug */ = {
			isa = XCBuildConfiguration;
			buildSettings = {
				ALWAYS_SEARCH_USER_PATHS = NO;
				CLANG_ANALYZER_NONNULL = YES;
				CLANG_ANALYZER_NUMBER_OBJECT_CONVERSION = YES_AGGRESSIVE;
				CLANG_CXX_LANGUAGE_STANDARD = "gnu++17";
				CLANG_CXX_LIBRARY = "libc++";
				CLANG_ENABLE_MODULES = YES;
				CLANG_ENABLE_OBJC_ARC = YES;
				CLANG_ENABLE_OBJC_WEAK = YES;
				CLANG_WARN_BLOCK_CAPTURE_AUTORELEASING = YES;
				CLANG_WARN_BOOL_CONVERSION = YES;
				CLANG_WARN_COMMA = YES;
				CLANG_WARN_CONSTANT_CONVERSION = YES;
				CLANG_WARN_DEPRECATED_OBJC_IMPLEMENTATIONS = YES;
				CLANG_WARN_DIRECT_OBJC_ISA_USAGE = YES_ERROR;
				CLANG_WARN_DOCUMENTATION_COMMENTS = YES;
				CLANG_WARN_EMPTY_BODY = YES;
				CLANG_WARN_ENUM_CONVERSION = YES;
				CLANG_WARN_INFINITE_RECURSION = YES;
				CLANG_WARN_INT_CONVERSION = YES;
				CLANG_WARN_NON_LITERAL_NULL_CONVERSION = YES;
				CLANG_WARN_OBJC_IMPLICIT_RETAIN_SELF = YES;
				CLANG_WARN_OBJC_LITERAL_CONVERSION = YES;
				CLANG_WARN_OBJC_ROOT_CLASS = YES_ERROR;
				CLANG_WARN_QUOTED_INCLUDE_IN_FRAMEWORK_HEADER = YES;
				CLANG_WARN_RANGE_LOOP_ANALYSIS = YES;
				CLANG_WARN_STRICT_PROTOTYPES = YES;
				CLANG_WARN_SUSPICIOUS_MOVE = YES;
				CLANG_WARN_UNGUARDED_AVAILABILITY = YES_AGGRESSIVE;
				CLANG_WARN_UNREACHABLE_CODE = YES;
				CLANG_WARN__DUPLICATE_METHOD_MATCH = YES;
				COPY_PHASE_STRIP = NO;
				DEBUG_INFORMATION_FORMAT = dwarf;
				ENABLE_STRICT_OBJC_MSGSEND = YES;
				ENABLE_TESTABILITY = YES;
				GCC_C_LANGUAGE_STANDARD = gnu11;
				GCC_DYNAMIC_NO_PIC = NO;
				GCC_NO_COMMON_BLOCKS = YES;
				GCC_OPTIMIZATION_LEVEL = 0;
				GCC_PREPROCESSOR_DEFINITIONS = (
					"DEBUG=1",
					"$(inherited)",
				);
				GCC_WARN_64_TO_32_BIT_CONVERSION = YES;
				GCC_WARN_ABOUT_RETURN_TYPE = YES_ERROR;
				GCC_WARN_UNDECLARED_SELECTOR = YES;
				GCC_WARN_UNINITIALIZED_AUTOS = YES_AGGRESSIVE;
				GCC_WARN_UNUSED_FUNCTION = YES;
				GCC_WARN_UNUSED_VARIABLE = YES;
				MTL_ENABLE_DEBUG_INFO = INCLUDE_SOURCE;
				MTL_FAST_MATH = YES;
				ONLY_ACTIVE_ARCH = YES;
				SWIFT_ACTIVE_COMPILATION_CONDITIONS = DEBUG;
				SWIFT_OPTIMIZATION_LEVEL = "-Onone";
			};
			name = Debug;
		};
		D53B392A274038CF0065B032 /* Release */ = {
			isa = XCBuildConfiguration;
			buildSettings = {
				ALWAYS_SEARCH_USER_PATHS = NO;
				CLANG_ANALYZER_NONNULL = YES;
				CLANG_ANALYZER_NUMBER_OBJECT_CONVERSION = YES_AGGRESSIVE;
				CLANG_CXX_LANGUAGE_STANDARD = "gnu++17";
				CLANG_CXX_LIBRARY = "libc++";
				CLANG_ENABLE_MODULES = YES;
				CLANG_ENABLE_OBJC_ARC = YES;
				CLANG_ENABLE_OBJC_WEAK = YES;
				CLANG_WARN_BLOCK_CAPTURE_AUTORELEASING = YES;
				CLANG_WARN_BOOL_CONVERSION = YES;
				CLANG_WARN_COMMA = YES;
				CLANG_WARN_CONSTANT_CONVERSION = YES;
				CLANG_WARN_DEPRECATED_OBJC_IMPLEMENTATIONS = YES;
				CLANG_WARN_DIRECT_OBJC_ISA_USAGE = YES_ERROR;
				CLANG_WARN_DOCUMENTATION_COMMENTS = YES;
				CLANG_WARN_EMPTY_BODY = YES;
				CLANG_WARN_ENUM_CONVERSION = YES;
				CLANG_WARN_INFINITE_RECURSION = YES;
				CLANG_WARN_INT_CONVERSION = YES;
				CLANG_WARN_NON_LITERAL_NULL_CONVERSION = YES;
				CLANG_WARN_OBJC_IMPLICIT_RETAIN_SELF = YES;
				CLANG_WARN_OBJC_LITERAL_CONVERSION = YES;
				CLANG_WARN_OBJC_ROOT_CLASS = YES_ERROR;
				CLANG_WARN_QUOTED_INCLUDE_IN_FRAMEWORK_HEADER = YES;
				CLANG_WARN_RANGE_LOOP_ANALYSIS = YES;
				CLANG_WARN_STRICT_PROTOTYPES = YES;
				CLANG_WARN_SUSPICIOUS_MOVE = YES;
				CLANG_WARN_UNGUARDED_AVAILABILITY = YES_AGGRESSIVE;
				CLANG_WARN_UNREACHABLE_CODE = YES;
				CLANG_WARN__DUPLICATE_METHOD_MATCH = YES;
				COPY_PHASE_STRIP = NO;
				DEBUG_INFORMATION_FORMAT = "dwarf-with-dsym";
				ENABLE_NS_ASSERTIONS = NO;
				ENABLE_STRICT_OBJC_MSGSEND = YES;
				GCC_C_LANGUAGE_STANDARD = gnu11;
				GCC_NO_COMMON_BLOCKS = YES;
				GCC_WARN_64_TO_32_BIT_CONVERSION = YES;
				GCC_WARN_ABOUT_RETURN_TYPE = YES_ERROR;
				GCC_WARN_UNDECLARED_SELECTOR = YES;
				GCC_WARN_UNINITIALIZED_AUTOS = YES_AGGRESSIVE;
				GCC_WARN_UNUSED_FUNCTION = YES;
				GCC_WARN_UNUSED_VARIABLE = YES;
				MTL_ENABLE_DEBUG_INFO = NO;
				MTL_FAST_MATH = YES;
				SWIFT_COMPILATION_MODE = wholemodule;
				SWIFT_OPTIMIZATION_LEVEL = "-O";
			};
			name = Release;
		};
		D53B392C274038CF0065B032 /* Debug */ = {
			isa = XCBuildConfiguration;
			baseConfigurationReference = DE383AD3AD6B7B5D6BF4EF45 /* Pods-SwiftUIFirebaseChat (iOS).debug.xcconfig */;
			buildSettings = {
				ASSETCATALOG_COMPILER_APPICON_NAME = AppIcon;
				ASSETCATALOG_COMPILER_GLOBAL_ACCENT_COLOR_NAME = AccentColor;
				CODE_SIGN_STYLE = Automatic;
				CURRENT_PROJECT_VERSION = 1;
				DEVELOPMENT_TEAM = 5355TA2ZTC;
				ENABLE_PREVIEWS = YES;
				GENERATE_INFOPLIST_FILE = YES;
				INFOPLIST_KEY_UIApplicationSceneManifest_Generation = YES;
				INFOPLIST_KEY_UIApplicationSupportsIndirectInputEvents = YES;
				INFOPLIST_KEY_UILaunchScreen_Generation = YES;
				INFOPLIST_KEY_UISupportedInterfaceOrientations_iPad = "UIInterfaceOrientationPortrait UIInterfaceOrientationPortraitUpsideDown UIInterfaceOrientationLandscapeLeft UIInterfaceOrientationLandscapeRight";
				INFOPLIST_KEY_UISupportedInterfaceOrientations_iPhone = "UIInterfaceOrientationPortrait UIInterfaceOrientationLandscapeLeft UIInterfaceOrientationLandscapeRight";
				IPHONEOS_DEPLOYMENT_TARGET = 15.0;
				LD_RUNPATH_SEARCH_PATHS = (
					"$(inherited)",
					"@executable_path/Frameworks",
				);
				MARKETING_VERSION = 1.0;
				PRODUCT_BUNDLE_IDENTIFIER = com.mauriciofigueroa.SwiftUIFirebaseChat;
				PRODUCT_NAME = SwiftUIFirebaseChat;
				SDKROOT = iphoneos;
				SWIFT_EMIT_LOC_STRINGS = YES;
				SWIFT_VERSION = 5.0;
				TARGETED_DEVICE_FAMILY = "1,2";
			};
			name = Debug;
		};
		D53B392D274038CF0065B032 /* Release */ = {
			isa = XCBuildConfiguration;
			baseConfigurationReference = C0E5D809511D78CB721C56BC /* Pods-SwiftUIFirebaseChat (iOS).release.xcconfig */;
			buildSettings = {
				ASSETCATALOG_COMPILER_APPICON_NAME = AppIcon;
				ASSETCATALOG_COMPILER_GLOBAL_ACCENT_COLOR_NAME = AccentColor;
				CODE_SIGN_STYLE = Automatic;
				CURRENT_PROJECT_VERSION = 1;
				DEVELOPMENT_TEAM = 5355TA2ZTC;
				ENABLE_PREVIEWS = YES;
				GENERATE_INFOPLIST_FILE = YES;
				INFOPLIST_KEY_UIApplicationSceneManifest_Generation = YES;
				INFOPLIST_KEY_UIApplicationSupportsIndirectInputEvents = YES;
				INFOPLIST_KEY_UILaunchScreen_Generation = YES;
				INFOPLIST_KEY_UISupportedInterfaceOrientations_iPad = "UIInterfaceOrientationPortrait UIInterfaceOrientationPortraitUpsideDown UIInterfaceOrientationLandscapeLeft UIInterfaceOrientationLandscapeRight";
				INFOPLIST_KEY_UISupportedInterfaceOrientations_iPhone = "UIInterfaceOrientationPortrait UIInterfaceOrientationLandscapeLeft UIInterfaceOrientationLandscapeRight";
				IPHONEOS_DEPLOYMENT_TARGET = 15.0;
				LD_RUNPATH_SEARCH_PATHS = (
					"$(inherited)",
					"@executable_path/Frameworks",
				);
				MARKETING_VERSION = 1.0;
				PRODUCT_BUNDLE_IDENTIFIER = com.mauriciofigueroa.SwiftUIFirebaseChat;
				PRODUCT_NAME = SwiftUIFirebaseChat;
				SDKROOT = iphoneos;
				SWIFT_EMIT_LOC_STRINGS = YES;
				SWIFT_VERSION = 5.0;
				TARGETED_DEVICE_FAMILY = "1,2";
				VALIDATE_PRODUCT = YES;
			};
			name = Release;
		};
		D53B392F274038CF0065B032 /* Debug */ = {
			isa = XCBuildConfiguration;
			baseConfigurationReference = 549CE3AA9EEC1E430F4ED98C /* Pods-SwiftUIFirebaseChat (macOS).debug.xcconfig */;
			buildSettings = {
				ASSETCATALOG_COMPILER_APPICON_NAME = AppIcon;
				ASSETCATALOG_COMPILER_GLOBAL_ACCENT_COLOR_NAME = AccentColor;
				CODE_SIGN_ENTITLEMENTS = macOS/macOS.entitlements;
				CODE_SIGN_STYLE = Automatic;
				COMBINE_HIDPI_IMAGES = YES;
				CURRENT_PROJECT_VERSION = 1;
				DEVELOPMENT_TEAM = 5355TA2ZTC;
				ENABLE_HARDENED_RUNTIME = YES;
				ENABLE_PREVIEWS = YES;
				GENERATE_INFOPLIST_FILE = YES;
				INFOPLIST_KEY_NSHumanReadableCopyright = "";
				LD_RUNPATH_SEARCH_PATHS = (
					"$(inherited)",
					"@executable_path/../Frameworks",
				);
				MACOSX_DEPLOYMENT_TARGET = 12.0;
				MARKETING_VERSION = 1.0;
				PRODUCT_BUNDLE_IDENTIFIER = com.mauriciofigueroa.SwiftUIFirebaseChat;
				PRODUCT_NAME = SwiftUIFirebaseChat;
				SDKROOT = macosx;
				SWIFT_EMIT_LOC_STRINGS = YES;
				SWIFT_VERSION = 5.0;
			};
			name = Debug;
		};
		D53B3930274038CF0065B032 /* Release */ = {
			isa = XCBuildConfiguration;
			baseConfigurationReference = 2688A6300CDB622D9349F114 /* Pods-SwiftUIFirebaseChat (macOS).release.xcconfig */;
			buildSettings = {
				ASSETCATALOG_COMPILER_APPICON_NAME = AppIcon;
				ASSETCATALOG_COMPILER_GLOBAL_ACCENT_COLOR_NAME = AccentColor;
				CODE_SIGN_ENTITLEMENTS = macOS/macOS.entitlements;
				CODE_SIGN_STYLE = Automatic;
				COMBINE_HIDPI_IMAGES = YES;
				CURRENT_PROJECT_VERSION = 1;
				DEVELOPMENT_TEAM = 5355TA2ZTC;
				ENABLE_HARDENED_RUNTIME = YES;
				ENABLE_PREVIEWS = YES;
				GENERATE_INFOPLIST_FILE = YES;
				INFOPLIST_KEY_NSHumanReadableCopyright = "";
				LD_RUNPATH_SEARCH_PATHS = (
					"$(inherited)",
					"@executable_path/../Frameworks",
				);
				MACOSX_DEPLOYMENT_TARGET = 12.0;
				MARKETING_VERSION = 1.0;
				PRODUCT_BUNDLE_IDENTIFIER = com.mauriciofigueroa.SwiftUIFirebaseChat;
				PRODUCT_NAME = SwiftUIFirebaseChat;
				SDKROOT = macosx;
				SWIFT_EMIT_LOC_STRINGS = YES;
				SWIFT_VERSION = 5.0;
			};
			name = Release;
		};
/* End XCBuildConfiguration section */

/* Begin XCConfigurationList section */
		D53B3911274038CD0065B032 /* Build configuration list for PBXProject "SwiftUIFirebaseChat" */ = {
			isa = XCConfigurationList;
			buildConfigurations = (
				D53B3929274038CF0065B032 /* Debug */,
				D53B392A274038CF0065B032 /* Release */,
			);
			defaultConfigurationIsVisible = 0;
			defaultConfigurationName = Release;
		};
		D53B392B274038CF0065B032 /* Build configuration list for PBXNativeTarget "SwiftUIFirebaseChat (iOS)" */ = {
			isa = XCConfigurationList;
			buildConfigurations = (
				D53B392C274038CF0065B032 /* Debug */,
				D53B392D274038CF0065B032 /* Release */,
			);
			defaultConfigurationIsVisible = 0;
			defaultConfigurationName = Release;
		};
		D53B392E274038CF0065B032 /* Build configuration list for PBXNativeTarget "SwiftUIFirebaseChat (macOS)" */ = {
			isa = XCConfigurationList;
			buildConfigurations = (
				D53B392F274038CF0065B032 /* Debug */,
				D53B3930274038CF0065B032 /* Release */,
			);
			defaultConfigurationIsVisible = 0;
			defaultConfigurationName = Release;
		};
/* End XCConfigurationList section */

/* Begin XCRemoteSwiftPackageReference section */
		D58B258E27487E8E00BB0AD9 /* XCRemoteSwiftPackageReference "SDWebImageSwiftUI" */ = {
			isa = XCRemoteSwiftPackageReference;
			repositoryURL = "https://github.com/SDWebImage/SDWebImageSwiftUI";
			requirement = {
				kind = upToNextMajorVersion;
				minimumVersion = 2.0.0;
			};
		};
		D58B25962748853900BB0AD9 /* XCRemoteSwiftPackageReference "firebase-ios-sdk" */ = {
			isa = XCRemoteSwiftPackageReference;
			repositoryURL = "https://github.com/firebase/firebase-ios-sdk.git";
			requirement = {
				branch = master;
				kind = branch;
			};
		};
/* End XCRemoteSwiftPackageReference section */

/* Begin XCSwiftPackageProductDependency section */
		D58B258F27487E8E00BB0AD9 /* SDWebImageSwiftUI */ = {
			isa = XCSwiftPackageProductDependency;
			package = D58B258E27487E8E00BB0AD9 /* XCRemoteSwiftPackageReference "SDWebImageSwiftUI" */;
			productName = SDWebImageSwiftUI;
		};
		D58B25972748853900BB0AD9 /* FirebaseAuth */ = {
			isa = XCSwiftPackageProductDependency;
			package = D58B25962748853900BB0AD9 /* XCRemoteSwiftPackageReference "firebase-ios-sdk" */;
			productName = FirebaseAuth;
		};
		D58B25992748853900BB0AD9 /* FirebaseFirestore */ = {
			isa = XCSwiftPackageProductDependency;
			package = D58B25962748853900BB0AD9 /* XCRemoteSwiftPackageReference "firebase-ios-sdk" */;
			productName = FirebaseFirestore;
		};
		D58B259B2748853900BB0AD9 /* FirebaseStorage */ = {
			isa = XCSwiftPackageProductDependency;
			package = D58B25962748853900BB0AD9 /* XCRemoteSwiftPackageReference "firebase-ios-sdk" */;
			productName = FirebaseStorage;
		};
/* End XCSwiftPackageProductDependency section */
	};
	rootObject = D53B390E274038CD0065B032 /* Project object */;
}
